<Solution>
  <Folder Name="/Doc/">
    <File Path="Doc/Automaton.md" />
    <File Path="Doc/States.md" />
    <File Path="Doc/Transitions.md" />
    <File Path="Doc/UseCases.md" />
    <File Path="README.md" />
  </Folder>
  <Folder Name="/Solution files/">
    <File Path=".gitattributes" />
    <File Path=".github/workflows/dotnet.yml" />
    <File Path=".gitignore" />
    <File Path="nuget.config" />
    <File Path="release-notes.md" />
  </Folder>
  <Project Path="Domain/Domain.csproj" />
  <Project Path="Tests/Tests.csproj" Id="a5966a4f-dcda-4143-9460-3681b5877362" />
</Solution>
